// !$*UTF8*$!
{
	archiveVersion = 1;
	classes = {
	};
	objectVersion = 56;
	objects = {

/* Begin PBXBuildFile section */
		1C2E2B742BB34E2C009361CE /* AppDelegate.swift in Sources */ = {isa = PBXBuildFile; fileRef = 1C2E2B732BB34E2C009361CE /* AppDelegate.swift */; };
		1C2E2B762BB34E2C009361CE /* SceneDelegate.swift in Sources */ = {isa = PBXBuildFile; fileRef = 1C2E2B752BB34E2C009361CE /* SceneDelegate.swift */; };
		1C2E2B782BB34E2C009361CE /* TabBarController.swift in Sources */ = {isa = PBXBuildFile; fileRef = 1C2E2B772BB34E2C009361CE /* TabBarController.swift */; };
		1C2E2B7B2BB34E2C009361CE /* Main.storyboard in Resources */ = {isa = PBXBuildFile; fileRef = 1C2E2B792BB34E2C009361CE /* Main.storyboard */; };
		1C2E2B7E2BB34E2C009361CE /* Odob.xcdatamodeld in Sources */ = {isa = PBXBuildFile; fileRef = 1C2E2B7C2BB34E2C009361CE /* Odob.xcdatamodeld */; };
		1C2E2B802BB34E2F009361CE /* Assets.xcassets in Resources */ = {isa = PBXBuildFile; fileRef = 1C2E2B7F2BB34E2F009361CE /* Assets.xcassets */; };
		1C2E2B832BB34E2F009361CE /* LaunchScreen.storyboard in Resources */ = {isa = PBXBuildFile; fileRef = 1C2E2B812BB34E2F009361CE /* LaunchScreen.storyboard */; };
		CC634D202BB3FAAF002991B7 /* OrganilganAmallarViewController.swift in Sources */ = {isa = PBXBuildFile; fileRef = CC634D1F2BB3FAAF002991B7 /* OrganilganAmallarViewController.swift */; };
		CC634D222BB3FABB002991B7 /* HomeViewController.swift in Sources */ = {isa = PBXBuildFile; fileRef = CC634D212BB3FABB002991B7 /* HomeViewController.swift */; };
		CC634D242BB3FAC4002991B7 /* AmallarViewController.swift in Sources */ = {isa = PBXBuildFile; fileRef = CC634D232BB3FAC4002991B7 /* AmallarViewController.swift */; };
		CC634D272BB40159002991B7 /* AmallarSectionTableViewCell.swift in Sources */ = {isa = PBXBuildFile; fileRef = CC634D262BB40159002991B7 /* AmallarSectionTableViewCell.swift */; };
		CC9D8B652BB4647800974C70 /* AmallarListViewController.swift in Sources */ = {isa = PBXBuildFile; fileRef = CC9D8B642BB4647800974C70 /* AmallarListViewController.swift */; };
		CC9D8B672BB46C9D00974C70 /* HomeTableViewCell.swift in Sources */ = {isa = PBXBuildFile; fileRef = CC9D8B662BB46C9D00974C70 /* HomeTableViewCell.swift */; };
		CC9D8B692BB4728E00974C70 /* Model.swift in Sources */ = {isa = PBXBuildFile; fileRef = CC9D8B682BB4728E00974C70 /* Model.swift */; };
		CC9D8B6B2BB477BB00974C70 /* AmallarDefinitionViewController.swift in Sources */ = {isa = PBXBuildFile; fileRef = CC9D8B6A2BB477BB00974C70 /* AmallarDefinitionViewController.swift */; };
		CC9D8B6D2BB479F200974C70 /* AmallarListTableViewCell.swift in Sources */ = {isa = PBXBuildFile; fileRef = CC9D8B6C2BB479F200974C70 /* AmallarListTableViewCell.swift */; };
		CC9D8B702BB47CD300974C70 /* ViewModel.swift in Sources */ = {isa = PBXBuildFile; fileRef = CC9D8B6F2BB47CD300974C70 /* ViewModel.swift */; };
		FBE9F6A200ED115D0F197253 /* Pods_Odob.framework in Frameworks */ = {isa = PBXBuildFile; fileRef = 0CD1A70A457B250322C93133 /* Pods_Odob.framework */; };
/* End PBXBuildFile section */

/* Begin PBXFileReference section */
		0CD1A70A457B250322C93133 /* Pods_Odob.framework */ = {isa = PBXFileReference; explicitFileType = wrapper.framework; includeInIndex = 0; path = Pods_Odob.framework; sourceTree = BUILT_PRODUCTS_DIR; };
		1C2E2B702BB34E2C009361CE /* Odob.app */ = {isa = PBXFileReference; explicitFileType = wrapper.application; includeInIndex = 0; path = Odob.app; sourceTree = BUILT_PRODUCTS_DIR; };
		1C2E2B732BB34E2C009361CE /* AppDelegate.swift */ = {isa = PBXFileReference; lastKnownFileType = sourcecode.swift; path = AppDelegate.swift; sourceTree = "<group>"; };
		1C2E2B752BB34E2C009361CE /* SceneDelegate.swift */ = {isa = PBXFileReference; lastKnownFileType = sourcecode.swift; path = SceneDelegate.swift; sourceTree = "<group>"; };
		1C2E2B772BB34E2C009361CE /* TabBarController.swift */ = {isa = PBXFileReference; lastKnownFileType = sourcecode.swift; path = TabBarController.swift; sourceTree = "<group>"; };
		1C2E2B7A2BB34E2C009361CE /* Base */ = {isa = PBXFileReference; lastKnownFileType = file.storyboard; name = Base; path = Base.lproj/Main.storyboard; sourceTree = "<group>"; };
		1C2E2B7D2BB34E2C009361CE /* Odob.xcdatamodel */ = {isa = PBXFileReference; lastKnownFileType = wrapper.xcdatamodel; path = Odob.xcdatamodel; sourceTree = "<group>"; };
		1C2E2B7F2BB34E2F009361CE /* Assets.xcassets */ = {isa = PBXFileReference; lastKnownFileType = folder.assetcatalog; path = Assets.xcassets; sourceTree = "<group>"; };
		1C2E2B822BB34E2F009361CE /* Base */ = {isa = PBXFileReference; lastKnownFileType = file.storyboard; name = Base; path = Base.lproj/LaunchScreen.storyboard; sourceTree = "<group>"; };
		1C2E2B842BB34E2F009361CE /* Info.plist */ = {isa = PBXFileReference; lastKnownFileType = text.plist.xml; path = Info.plist; sourceTree = "<group>"; };
		5CB7F85DBF489B1B60424882 /* Pods-Odob.release.xcconfig */ = {isa = PBXFileReference; includeInIndex = 1; lastKnownFileType = text.xcconfig; name = "Pods-Odob.release.xcconfig"; path = "Target Support Files/Pods-Odob/Pods-Odob.release.xcconfig"; sourceTree = "<group>"; };
		B4EDADF4A6A5514889DB34D3 /* Pods-Odob.debug.xcconfig */ = {isa = PBXFileReference; includeInIndex = 1; lastKnownFileType = text.xcconfig; name = "Pods-Odob.debug.xcconfig"; path = "Target Support Files/Pods-Odob/Pods-Odob.debug.xcconfig"; sourceTree = "<group>"; };
		CC634D1F2BB3FAAF002991B7 /* OrganilganAmallarViewController.swift */ = {isa = PBXFileReference; lastKnownFileType = sourcecode.swift; path = OrganilganAmallarViewController.swift; sourceTree = "<group>"; };
		CC634D212BB3FABB002991B7 /* HomeViewController.swift */ = {isa = PBXFileReference; lastKnownFileType = sourcecode.swift; path = HomeViewController.swift; sourceTree = "<group>"; };
		CC634D232BB3FAC4002991B7 /* AmallarViewController.swift */ = {isa = PBXFileReference; lastKnownFileType = sourcecode.swift; path = AmallarViewController.swift; sourceTree = "<group>"; };
		CC634D262BB40159002991B7 /* AmallarSectionTableViewCell.swift */ = {isa = PBXFileReference; lastKnownFileType = sourcecode.swift; path = AmallarSectionTableViewCell.swift; sourceTree = "<group>"; };
		CC9D8B642BB4647800974C70 /* AmallarListViewController.swift */ = {isa = PBXFileReference; lastKnownFileType = sourcecode.swift; path = AmallarListViewController.swift; sourceTree = "<group>"; };
		CC9D8B662BB46C9D00974C70 /* HomeTableViewCell.swift */ = {isa = PBXFileReference; lastKnownFileType = sourcecode.swift; path = HomeTableViewCell.swift; sourceTree = "<group>"; };
		CC9D8B682BB4728E00974C70 /* Model.swift */ = {isa = PBXFileReference; lastKnownFileType = sourcecode.swift; path = Model.swift; sourceTree = "<group>"; };
		CC9D8B6A2BB477BB00974C70 /* AmallarDefinitionViewController.swift */ = {isa = PBXFileReference; lastKnownFileType = sourcecode.swift; path = AmallarDefinitionViewController.swift; sourceTree = "<group>"; };
		CC9D8B6C2BB479F200974C70 /* AmallarListTableViewCell.swift */ = {isa = PBXFileReference; lastKnownFileType = sourcecode.swift; path = AmallarListTableViewCell.swift; sourceTree = "<group>"; };
		CC9D8B6F2BB47CD300974C70 /* ViewModel.swift */ = {isa = PBXFileReference; lastKnownFileType = sourcecode.swift; path = ViewModel.swift; sourceTree = "<group>"; };
/* End PBXFileReference section */

/* Begin PBXFrameworksBuildPhase section */
		1C2E2B6D2BB34E2C009361CE /* Frameworks */ = {
			isa = PBXFrameworksBuildPhase;
			buildActionMask = 2147483647;
			files = (
				FBE9F6A200ED115D0F197253 /* Pods_Odob.framework in Frameworks */,
			);
			runOnlyForDeploymentPostprocessing = 0;
		};
/* End PBXFrameworksBuildPhase section */

/* Begin PBXGroup section */
		1C2E2B672BB34E2C009361CE = {
			isa = PBXGroup;
			children = (
				1C2E2B722BB34E2C009361CE /* Odob */,
				1C2E2B712BB34E2C009361CE /* Products */,
				AED54B86AB4355D9474C4E56 /* Pods */,
				CF9CC539D9C2CBCB6B9D1ECF /* Frameworks */,
			);
			sourceTree = "<group>";
		};
		1C2E2B712BB34E2C009361CE /* Products */ = {
			isa = PBXGroup;
			children = (
				1C2E2B702BB34E2C009361CE /* Odob.app */,
			);
			name = Products;
			sourceTree = "<group>";
		};
		1C2E2B722BB34E2C009361CE /* Odob */ = {
			isa = PBXGroup;
			children = (
				CC9C4EA12BB35BBA0015036B /* App */,
				CC9C4EA02BB35BB50015036B /* Model */,
				CC9C4E9F2BB35BB10015036B /* View */,
				CC9C4E9E2BB35BAB0015036B /* ViewModel */,
				1C2E2B7F2BB34E2F009361CE /* Assets.xcassets */,
				1C2E2B842BB34E2F009361CE /* Info.plist */,
				1C2E2B7C2BB34E2C009361CE /* Odob.xcdatamodeld */,
			);
			path = Odob;
			sourceTree = "<group>";
		};
		AED54B86AB4355D9474C4E56 /* Pods */ = {
			isa = PBXGroup;
			children = (
				B4EDADF4A6A5514889DB34D3 /* Pods-Odob.debug.xcconfig */,
				5CB7F85DBF489B1B60424882 /* Pods-Odob.release.xcconfig */,
			);
			path = Pods;
			sourceTree = "<group>";
		};
		CC634D1E2BB3FA66002991B7 /* TabBarControllers */ = {
			isa = PBXGroup;
			children = (
				CC634D232BB3FAC4002991B7 /* AmallarViewController.swift */,
				CC634D212BB3FABB002991B7 /* HomeViewController.swift */,
				CC634D1F2BB3FAAF002991B7 /* OrganilganAmallarViewController.swift */,
			);
			path = TabBarControllers;
			sourceTree = "<group>";
		};
		CC634D252BB40142002991B7 /* Cell */ = {
			isa = PBXGroup;
			children = (
				CC634D262BB40159002991B7 /* AmallarSectionTableViewCell.swift */,
				CC9D8B662BB46C9D00974C70 /* HomeTableViewCell.swift */,
				CC9D8B6C2BB479F200974C70 /* AmallarListTableViewCell.swift */,
			);
			path = Cell;
			sourceTree = "<group>";
		};
		CC9C4E9E2BB35BAB0015036B /* ViewModel */ = {
			isa = PBXGroup;
			children = (
				CC9D8B6F2BB47CD300974C70 /* ViewModel.swift */,
			);
			path = ViewModel;
			sourceTree = "<group>";
		};
		CC9C4E9F2BB35BB10015036B /* View */ = {
			isa = PBXGroup;
			children = (
				1C2E2B772BB34E2C009361CE /* TabBarController.swift */,
				CC634D1E2BB3FA66002991B7 /* TabBarControllers */,
				CC9D8B6E2BB47BB300974C70 /* Controllers */,
				CC634D252BB40142002991B7 /* Cell */,
				CC9C4EA22BB35BC50015036B /* Stroryboard */,
			);
			path = View;
			sourceTree = "<group>";
		};
		CC9C4EA02BB35BB50015036B /* Model */ = {
			isa = PBXGroup;
			children = (
				CC9D8B682BB4728E00974C70 /* Model.swift */,
			);
			path = Model;
			sourceTree = "<group>";
		};
		CC9C4EA12BB35BBA0015036B /* App */ = {
			isa = PBXGroup;
			children = (
				1C2E2B732BB34E2C009361CE /* AppDelegate.swift */,
				1C2E2B752BB34E2C009361CE /* SceneDelegate.swift */,
			);
			path = App;
			sourceTree = "<group>";
		};
		CC9C4EA22BB35BC50015036B /* Stroryboard */ = {
			isa = PBXGroup;
			children = (
				1C2E2B792BB34E2C009361CE /* Main.storyboard */,
				1C2E2B812BB34E2F009361CE /* LaunchScreen.storyboard */,
			);
			path = Stroryboard;
			sourceTree = "<group>";
		};
		CC9D8B6E2BB47BB300974C70 /* Controllers */ = {
			isa = PBXGroup;
			children = (
				CC9D8B642BB4647800974C70 /* AmallarListViewController.swift */,
				CC9D8B6A2BB477BB00974C70 /* AmallarDefinitionViewController.swift */,
			);
			path = Controllers;
			sourceTree = "<group>";
		};
		CF9CC539D9C2CBCB6B9D1ECF /* Frameworks */ = {
			isa = PBXGroup;
			children = (
				0CD1A70A457B250322C93133 /* Pods_Odob.framework */,
			);
			name = Frameworks;
			sourceTree = "<group>";
		};
/* End PBXGroup section */

/* Begin PBXNativeTarget section */
		1C2E2B6F2BB34E2C009361CE /* Odob */ = {
			isa = PBXNativeTarget;
			buildConfigurationList = 1C2E2B872BB34E2F009361CE /* Build configuration list for PBXNativeTarget "Odob" */;
			buildPhases = (
				D4118CA9D6ED32A108740ADD /* [CP] Check Pods Manifest.lock */,
				1C2E2B6C2BB34E2C009361CE /* Sources */,
				1C2E2B6D2BB34E2C009361CE /* Frameworks */,
				1C2E2B6E2BB34E2C009361CE /* Resources */,
				C108C390400B642C7C201583 /* [CP] Embed Pods Frameworks */,
			);
			buildRules = (
			);
			dependencies = (
			);
			name = Odob;
			productName = Odob;
			productReference = 1C2E2B702BB34E2C009361CE /* Odob.app */;
			productType = "com.apple.product-type.application";
		};
/* End PBXNativeTarget section */

/* Begin PBXProject section */
		1C2E2B682BB34E2C009361CE /* Project object */ = {
			isa = PBXProject;
			attributes = {
				BuildIndependentTargetsInParallel = 1;
				LastSwiftUpdateCheck = 1520;
				LastUpgradeCheck = 1520;
				TargetAttributes = {
					1C2E2B6F2BB34E2C009361CE = {
						CreatedOnToolsVersion = 15.2;
					};
				};
			};
			buildConfigurationList = 1C2E2B6B2BB34E2C009361CE /* Build configuration list for PBXProject "Odob" */;
			compatibilityVersion = "Xcode 14.0";
			developmentRegion = en;
			hasScannedForEncodings = 0;
			knownRegions = (
				en,
				Base,
			);
			mainGroup = 1C2E2B672BB34E2C009361CE;
			productRefGroup = 1C2E2B712BB34E2C009361CE /* Products */;
			projectDirPath = "";
			projectRoot = "";
			targets = (
				1C2E2B6F2BB34E2C009361CE /* Odob */,
			);
		};
/* End PBXProject section */

/* Begin PBXResourcesBuildPhase section */
		1C2E2B6E2BB34E2C009361CE /* Resources */ = {
			isa = PBXResourcesBuildPhase;
			buildActionMask = 2147483647;
			files = (
				1C2E2B832BB34E2F009361CE /* LaunchScreen.storyboard in Resources */,
				1C2E2B802BB34E2F009361CE /* Assets.xcassets in Resources */,
				1C2E2B7B2BB34E2C009361CE /* Main.storyboard in Resources */,
			);
			runOnlyForDeploymentPostprocessing = 0;
		};
/* End PBXResourcesBuildPhase section */

/* Begin PBXShellScriptBuildPhase section */
		C108C390400B642C7C201583 /* [CP] Embed Pods Frameworks */ = {
			isa = PBXShellScriptBuildPhase;
			buildActionMask = 2147483647;
			files = (
			);
			inputFileListPaths = (
				"${PODS_ROOT}/Target Support Files/Pods-Odob/Pods-Odob-frameworks-${CONFIGURATION}-input-files.xcfilelist",
			);
			name = "[CP] Embed Pods Frameworks";
			outputFileListPaths = (
				"${PODS_ROOT}/Target Support Files/Pods-Odob/Pods-Odob-frameworks-${CONFIGURATION}-output-files.xcfilelist",
			);
			runOnlyForDeploymentPostprocessing = 0;
			shellPath = /bin/sh;
			shellScript = "\"${PODS_ROOT}/Target Support Files/Pods-Odob/Pods-Odob-frameworks.sh\"\n";
			showEnvVarsInLog = 0;
		};
		D4118CA9D6ED32A108740ADD /* [CP] Check Pods Manifest.lock */ = {
			isa = PBXShellScriptBuildPhase;
			buildActionMask = 2147483647;
			files = (
			);
			inputFileListPaths = (
			);
			inputPaths = (
				"${PODS_PODFILE_DIR_PATH}/Podfile.lock",
				"${PODS_ROOT}/Manifest.lock",
			);
			name = "[CP] Check Pods Manifest.lock";
			outputFileListPaths = (
			);
			outputPaths = (
				"$(DERIVED_FILE_DIR)/Pods-Odob-checkManifestLockResult.txt",
			);
			runOnlyForDeploymentPostprocessing = 0;
			shellPath = /bin/sh;
			shellScript = "diff \"${PODS_PODFILE_DIR_PATH}/Podfile.lock\" \"${PODS_ROOT}/Manifest.lock\" > /dev/null\nif [ $? != 0 ] ; then\n    # print error to STDERR\n    echo \"error: The sandbox is not in sync with the Podfile.lock. Run 'pod install' or update your CocoaPods installation.\" >&2\n    exit 1\nfi\n# This output is used by Xcode 'outputs' to avoid re-running this script phase.\necho \"SUCCESS\" > \"${SCRIPT_OUTPUT_FILE_0}\"\n";
			showEnvVarsInLog = 0;
		};
/* End PBXShellScriptBuildPhase section */

/* Begin PBXSourcesBuildPhase section */
		1C2E2B6C2BB34E2C009361CE /* Sources */ = {
			isa = PBXSourcesBuildPhase;
			buildActionMask = 2147483647;
			files = (
				1C2E2B782BB34E2C009361CE /* TabBarController.swift in Sources */,
				1C2E2B7E2BB34E2C009361CE /* Odob.xcdatamodeld in Sources */,
				CC634D272BB40159002991B7 /* AmallarSectionTableViewCell.swift in Sources */,
				CC634D202BB3FAAF002991B7 /* OrganilganAmallarViewController.swift in Sources */,
				1C2E2B742BB34E2C009361CE /* AppDelegate.swift in Sources */,
				1C2E2B762BB34E2C009361CE /* SceneDelegate.swift in Sources */,
				CC9D8B702BB47CD300974C70 /* ViewModel.swift in Sources */,
				CC9D8B672BB46C9D00974C70 /* HomeTableViewCell.swift in Sources */,
				CC9D8B6D2BB479F200974C70 /* AmallarListTableViewCell.swift in Sources */,
				CC9D8B652BB4647800974C70 /* AmallarListViewController.swift in Sources */,
				CC9D8B692BB4728E00974C70 /* Model.swift in Sources */,
				CC634D222BB3FABB002991B7 /* HomeViewController.swift in Sources */,
				CC9D8B6B2BB477BB00974C70 /* AmallarDefinitionViewController.swift in Sources */,
				CC634D242BB3FAC4002991B7 /* AmallarViewController.swift in Sources */,
			);
			runOnlyForDeploymentPostprocessing = 0;
		};
/* End PBXSourcesBuildPhase section */

/* Begin PBXVariantGroup section */
		1C2E2B792BB34E2C009361CE /* Main.storyboard */ = {
			isa = PBXVariantGroup;
			children = (
				1C2E2B7A2BB34E2C009361CE /* Base */,
			);
			name = Main.storyboard;
			sourceTree = "<group>";
		};
		1C2E2B812BB34E2F009361CE /* LaunchScreen.storyboard */ = {
			isa = PBXVariantGroup;
			children = (
				1C2E2B822BB34E2F009361CE /* Base */,
			);
			name = LaunchScreen.storyboard;
			sourceTree = "<group>";
		};
/* End PBXVariantGroup section */

/* Begin XCBuildConfiguration section */
		1C2E2B852BB34E2F009361CE /* Debug */ = {
			isa = XCBuildConfiguration;
			buildSettings = {
				ALWAYS_SEARCH_USER_PATHS = NO;
				ASSETCATALOG_COMPILER_GENERATE_SWIFT_ASSET_SYMBOL_EXTENSIONS = YES;
				CLANG_ANALYZER_NONNULL = YES;
				CLANG_ANALYZER_NUMBER_OBJECT_CONVERSION = YES_AGGRESSIVE;
				CLANG_CXX_LANGUAGE_STANDARD = "gnu++20";
				CLANG_ENABLE_MODULES = YES;
				CLANG_ENABLE_OBJC_ARC = YES;
				CLANG_ENABLE_OBJC_WEAK = YES;
				CLANG_WARN_BLOCK_CAPTURE_AUTORELEASING = YES;
				CLANG_WARN_BOOL_CONVERSION = YES;
				CLANG_WARN_COMMA = YES;
				CLANG_WARN_CONSTANT_CONVERSION = YES;
				CLANG_WARN_DEPRECATED_OBJC_IMPLEMENTATIONS = YES;
				CLANG_WARN_DIRECT_OBJC_ISA_USAGE = YES_ERROR;
				CLANG_WARN_DOCUMENTATION_COMMENTS = YES;
				CLANG_WARN_EMPTY_BODY = YES;
				CLANG_WARN_ENUM_CONVERSION = YES;
				CLANG_WARN_INFINITE_RECURSION = YES;
				CLANG_WARN_INT_CONVERSION = YES;
				CLANG_WARN_NON_LITERAL_NULL_CONVERSION = YES;
				CLANG_WARN_OBJC_IMPLICIT_RETAIN_SELF = YES;
				CLANG_WARN_OBJC_LITERAL_CONVERSION = YES;
				CLANG_WARN_OBJC_ROOT_CLASS = YES_ERROR;
				CLANG_WARN_QUOTED_INCLUDE_IN_FRAMEWORK_HEADER = YES;
				CLANG_WARN_RANGE_LOOP_ANALYSIS = YES;
				CLANG_WARN_STRICT_PROTOTYPES = YES;
				CLANG_WARN_SUSPICIOUS_MOVE = YES;
				CLANG_WARN_UNGUARDED_AVAILABILITY = YES_AGGRESSIVE;
				CLANG_WARN_UNREACHABLE_CODE = YES;
				CLANG_WARN__DUPLICATE_METHOD_MATCH = YES;
				COPY_PHASE_STRIP = NO;
				DEBUG_INFORMATION_FORMAT = dwarf;
				ENABLE_STRICT_OBJC_MSGSEND = YES;
				ENABLE_TESTABILITY = YES;
				ENABLE_USER_SCRIPT_SANDBOXING = NO;
				GCC_C_LANGUAGE_STANDARD = gnu17;
				GCC_DYNAMIC_NO_PIC = NO;
				GCC_NO_COMMON_BLOCKS = YES;
				GCC_OPTIMIZATION_LEVEL = 0;
				GCC_PREPROCESSOR_DEFINITIONS = (
					"DEBUG=1",
					"$(inherited)",
				);
				GCC_WARN_64_TO_32_BIT_CONVERSION = YES;
				GCC_WARN_ABOUT_RETURN_TYPE = YES_ERROR;
				GCC_WARN_UNDECLARED_SELECTOR = YES;
				GCC_WARN_UNINITIALIZED_AUTOS = YES_AGGRESSIVE;
				GCC_WARN_UNUSED_FUNCTION = YES;
				GCC_WARN_UNUSED_VARIABLE = YES;
				IPHONEOS_DEPLOYMENT_TARGET = 13.0;
				LOCALIZATION_PREFERS_STRING_CATALOGS = YES;
				MTL_ENABLE_DEBUG_INFO = INCLUDE_SOURCE;
				MTL_FAST_MATH = YES;
				ONLY_ACTIVE_ARCH = YES;
				SDKROOT = iphoneos;
				SWIFT_ACTIVE_COMPILATION_CONDITIONS = "DEBUG $(inherited)";
				SWIFT_OPTIMIZATION_LEVEL = "-Onone";
			};
			name = Debug;
		};
		1C2E2B862BB34E2F009361CE /* Release */ = {
			isa = XCBuildConfiguration;
			buildSettings = {
				ALWAYS_SEARCH_USER_PATHS = NO;
				ASSETCATALOG_COMPILER_GENERATE_SWIFT_ASSET_SYMBOL_EXTENSIONS = YES;
				CLANG_ANALYZER_NONNULL = YES;
				CLANG_ANALYZER_NUMBER_OBJECT_CONVERSION = YES_AGGRESSIVE;
				CLANG_CXX_LANGUAGE_STANDARD = "gnu++20";
				CLANG_ENABLE_MODULES = YES;
				CLANG_ENABLE_OBJC_ARC = YES;
				CLANG_ENABLE_OBJC_WEAK = YES;
				CLANG_WARN_BLOCK_CAPTURE_AUTORELEASING = YES;
				CLANG_WARN_BOOL_CONVERSION = YES;
				CLANG_WARN_COMMA = YES;
				CLANG_WARN_CONSTANT_CONVERSION = YES;
				CLANG_WARN_DEPRECATED_OBJC_IMPLEMENTATIONS = YES;
				CLANG_WARN_DIRECT_OBJC_ISA_USAGE = YES_ERROR;
				CLANG_WARN_DOCUMENTATION_COMMENTS = YES;
				CLANG_WARN_EMPTY_BODY = YES;
				CLANG_WARN_ENUM_CONVERSION = YES;
				CLANG_WARN_INFINITE_RECURSION = YES;
				CLANG_WARN_INT_CONVERSION = YES;
				CLANG_WARN_NON_LITERAL_NULL_CONVERSION = YES;
				CLANG_WARN_OBJC_IMPLICIT_RETAIN_SELF = YES;
				CLANG_WARN_OBJC_LITERAL_CONVERSION = YES;
				CLANG_WARN_OBJC_ROOT_CLASS = YES_ERROR;
				CLANG_WARN_QUOTED_INCLUDE_IN_FRAMEWORK_HEADER = YES;
				CLANG_WARN_RANGE_LOOP_ANALYSIS = YES;
				CLANG_WARN_STRICT_PROTOTYPES = YES;
				CLANG_WARN_SUSPICIOUS_MOVE = YES;
				CLANG_WARN_UNGUARDED_AVAILABILITY = YES_AGGRESSIVE;
				CLANG_WARN_UNREACHABLE_CODE = YES;
				CLANG_WARN__DUPLICATE_METHOD_MATCH = YES;
				COPY_PHASE_STRIP = NO;
				DEBUG_INFORMATION_FORMAT = "dwarf-with-dsym";
				ENABLE_NS_ASSERTIONS = NO;
				ENABLE_STRICT_OBJC_MSGSEND = YES;
				ENABLE_USER_SCRIPT_SANDBOXING = NO;
				GCC_C_LANGUAGE_STANDARD = gnu17;
				GCC_NO_COMMON_BLOCKS = YES;
				GCC_WARN_64_TO_32_BIT_CONVERSION = YES;
				GCC_WARN_ABOUT_RETURN_TYPE = YES_ERROR;
				GCC_WARN_UNDECLARED_SELECTOR = YES;
				GCC_WARN_UNINITIALIZED_AUTOS = YES_AGGRESSIVE;
				GCC_WARN_UNUSED_FUNCTION = YES;
				GCC_WARN_UNUSED_VARIABLE = YES;
				IPHONEOS_DEPLOYMENT_TARGET = 13.0;
				LOCALIZATION_PREFERS_STRING_CATALOGS = YES;
				MTL_ENABLE_DEBUG_INFO = NO;
				MTL_FAST_MATH = YES;
				SDKROOT = iphoneos;
				SWIFT_COMPILATION_MODE = wholemodule;
				VALIDATE_PRODUCT = YES;
			};
			name = Release;
		};
		1C2E2B882BB34E2F009361CE /* Debug */ = {
			isa = XCBuildConfiguration;
			baseConfigurationReference = B4EDADF4A6A5514889DB34D3 /* Pods-Odob.debug.xcconfig */;
			buildSettings = {
				ASSETCATALOG_COMPILER_APPICON_NAME = AppIcon;
				ASSETCATALOG_COMPILER_GLOBAL_ACCENT_COLOR_NAME = AccentColor;
				CODE_SIGN_STYLE = Automatic;
				CURRENT_PROJECT_VERSION = 1;
				DEVELOPMENT_TEAM = DVC3LMSS9Q;
				GENERATE_INFOPLIST_FILE = YES;
				INFOPLIST_FILE = Odob/Info.plist;
				INFOPLIST_KEY_UIApplicationSupportsIndirectInputEvents = YES;
				INFOPLIST_KEY_UILaunchStoryboardName = LaunchScreen;
				INFOPLIST_KEY_UIMainStoryboardFile = Main;
				INFOPLIST_KEY_UISupportedInterfaceOrientations_iPad = "UIInterfaceOrientationPortrait UIInterfaceOrientationPortraitUpsideDown UIInterfaceOrientationLandscapeLeft UIInterfaceOrientationLandscapeRight";
				INFOPLIST_KEY_UISupportedInterfaceOrientations_iPhone = "UIInterfaceOrientationPortrait UIInterfaceOrientationLandscapeLeft UIInterfaceOrientationLandscapeRight";
				IPHONEOS_DEPLOYMENT_TARGET = 13.0;
				LD_RUNPATH_SEARCH_PATHS = (
					"$(inherited)",
					"@executable_path/Frameworks",
				);
				MARKETING_VERSION = 1.0;
				PRODUCT_BUNDLE_IDENTIFIER = integerAcademy.uz.Odob;
				PRODUCT_NAME = "$(TARGET_NAME)";
				SWIFT_EMIT_LOC_STRINGS = YES;
				SWIFT_VERSION = 5.0;
				TARGETED_DEVICE_FAMILY = "1,2";
			};
			name = Debug;
		};
		1C2E2B892BB34E2F009361CE /* Release */ = {
			isa = XCBuildConfiguration;
			baseConfigurationReference = 5CB7F85DBF489B1B60424882 /* Pods-Odob.release.xcconfig */;
			buildSettings = {
				ASSETCATALOG_COMPILER_APPICON_NAME = AppIcon;
				ASSETCATALOG_COMPILER_GLOBAL_ACCENT_COLOR_NAME = AccentColor;
				CODE_SIGN_STYLE = Automatic;
				CURRENT_PROJECT_VERSION = 1;
				DEVELOPMENT_TEAM = DVC3LMSS9Q;
				GENERATE_INFOPLIST_FILE = YES;
				INFOPLIST_FILE = Odob/Info.plist;
				INFOPLIST_KEY_UIApplicationSupportsIndirectInputEvents = YES;
				INFOPLIST_KEY_UILaunchStoryboardName = LaunchScreen;
				INFOPLIST_KEY_UIMainStoryboardFile = Main;
				INFOPLIST_KEY_UISupportedInterfaceOrientations_iPad = "UIInterfaceOrientationPortrait UIInterfaceOrientationPortraitUpsideDown UIInterfaceOrientationLandscapeLeft UIInterfaceOrientationLandscapeRight";
				INFOPLIST_KEY_UISupportedInterfaceOrientations_iPhone = "UIInterfaceOrientationPortrait UIInterfaceOrientationLandscapeLeft UIInterfaceOrientationLandscapeRight";
				IPHONEOS_DEPLOYMENT_TARGET = 13.0;
				LD_RUNPATH_SEARCH_PATHS = (
					"$(inherited)",
					"@executable_path/Frameworks",
				);
				MARKETING_VERSION = 1.0;
				PRODUCT_BUNDLE_IDENTIFIER = integerAcademy.uz.Odob;
				PRODUCT_NAME = "$(TARGET_NAME)";
				SWIFT_EMIT_LOC_STRINGS = YES;
				SWIFT_VERSION = 5.0;
				TARGETED_DEVICE_FAMILY = "1,2";
			};
			name = Release;
		};
/* End XCBuildConfiguration section */

/* Begin XCConfigurationList section */
		1C2E2B6B2BB34E2C009361CE /* Build configuration list for PBXProject "Odob" */ = {
			isa = XCConfigurationList;
			buildConfigurations = (
				1C2E2B852BB34E2F009361CE /* Debug */,
				1C2E2B862BB34E2F009361CE /* Release */,
			);
			defaultConfigurationIsVisible = 0;
			defaultConfigurationName = Release;
		};
		1C2E2B872BB34E2F009361CE /* Build configuration list for PBXNativeTarget "Odob" */ = {
			isa = XCConfigurationList;
			buildConfigurations = (
				1C2E2B882BB34E2F009361CE /* Debug */,
				1C2E2B892BB34E2F009361CE /* Release */,
			);
			defaultConfigurationIsVisible = 0;
			defaultConfigurationName = Release;
		};
/* End XCConfigurationList section */

/* Begin XCVersionGroup section */
		1C2E2B7C2BB34E2C009361CE /* Odob.xcdatamodeld */ = {
			isa = XCVersionGroup;
			children = (
				1C2E2B7D2BB34E2C009361CE /* Odob.xcdatamodel */,
			);
			currentVersion = 1C2E2B7D2BB34E2C009361CE /* Odob.xcdatamodel */;
			path = Odob.xcdatamodeld;
			sourceTree = "<group>";
			versionGroupType = wrapper.xcdatamodel;
		};
/* End XCVersionGroup section */
	};
	rootObject = 1C2E2B682BB34E2C009361CE /* Project object */;
}
